
Microsoft Visual Studio Solution File, Format Version 12.00
# Visual Studio Version 16
VisualStudioVersion = 16.0.34114.132
MinimumVisualStudioVersion = 10.0.40219.1
Project("{888888A0-9F3D-457C-B088-3A5042F75D52}") = "MSmAuto", "MSmAuto.pyproj", "{A115A171-A1A3-4646-A949-E6BE5325FFAF}"
EndProject
Global
	GlobalSection(SolutionConfigurationPlatforms) = preSolution
		Debug|Any CPU = Debug|Any CPU
		Release|Any CPU = Release|Any CPU
	EndGlobalSection
	GlobalSection(ProjectConfigurationPlatforms) = postSolution
		{A115A171-A1A3-4646-A949-E6BE5325FFAF}.Debug|Any CPU.ActiveCfg = Debug|Any CPU
		{A115A171-A1A3-4646-A949-E6BE5325FFAF}.Release|Any CPU.ActiveCfg = Release|Any CPU
	EndGlobalSection
	GlobalSection(SolutionProperties) = preSolution
		HideSolutionNode = FALSE
	EndGlobalSection
	GlobalSection(ExtensibilityGlobals) = postSolution
		SolutionGuid = {6C1B6168-39D2-4B4C-95B0-63FCCC9D87D9}
	EndGlobalSection
EndGlobal
